// !$*UTF8*$!
{
	archiveVersion = 1;
	classes = {
	};
	objectVersion = 46;
	objects = {

/* Begin PBXBuildFile section */
		CF66F7E81EDA0F4C009412B1 /* main.m in Sources */ = {isa = PBXBuildFile; fileRef = CF66F7E71EDA0F4C009412B1 /* main.m */; };
		CF66F7EB1EDA0F4C009412B1 /* AppDelegate.m in Sources */ = {isa = PBXBuildFile; fileRef = CF66F7EA1EDA0F4C009412B1 /* AppDelegate.m */; };
		CF66F7EE1EDA0F4C009412B1 /* ViewController.m in Sources */ = {isa = PBXBuildFile; fileRef = CF66F7ED1EDA0F4C009412B1 /* ViewController.m */; };
		CF66F7F11EDA0F4C009412B1 /* Main.storyboard in Resources */ = {isa = PBXBuildFile; fileRef = CF66F7EF1EDA0F4C009412B1 /* Main.storyboard */; };
		CF66F7F41EDA0F4C009412B1 /* baMoveTracker.xcdatamodeld in Sources */ = {isa = PBXBuildFile; fileRef = CF66F7F21EDA0F4C009412B1 /* baMoveTracker.xcdatamodeld */; };
		CF66F7F61EDA0F4C009412B1 /* Assets.xcassets in Resources */ = {isa = PBXBuildFile; fileRef = CF66F7F51EDA0F4C009412B1 /* Assets.xcassets */; };
		CF66F7F91EDA0F4C009412B1 /* LaunchScreen.storyboard in Resources */ = {isa = PBXBuildFile; fileRef = CF66F7F71EDA0F4C009412B1 /* LaunchScreen.storyboard */; };
/* End PBXBuildFile section */

/* Begin PBXFileReference section */
		CF66F7E31EDA0F4C009412B1 /* baMoveTracker.app */ = {isa = PBXFileReference; explicitFileType = wrapper.application; includeInIndex = 0; path = baMoveTracker.app; sourceTree = BUILT_PRODUCTS_DIR; };
		CF66F7E71EDA0F4C009412B1 /* main.m */ = {isa = PBXFileReference; lastKnownFileType = sourcecode.c.objc; path = main.m; sourceTree = "<group>"; };
		CF66F7E91EDA0F4C009412B1 /* AppDelegate.h */ = {isa = PBXFileReference; lastKnownFileType = sourcecode.c.h; path = AppDelegate.h; sourceTree = "<group>"; };
		CF66F7EA1EDA0F4C009412B1 /* AppDelegate.m */ = {isa = PBXFileReference; lastKnownFileType = sourcecode.c.objc; path = AppDelegate.m; sourceTree = "<group>"; };
		CF66F7EC1EDA0F4C009412B1 /* ViewController.h */ = {isa = PBXFileReference; lastKnownFileType = sourcecode.c.h; path = ViewController.h; sourceTree = "<group>"; };
		CF66F7ED1EDA0F4C009412B1 /* ViewController.m */ = {isa = PBXFileReference; lastKnownFileType = sourcecode.c.objc; path = ViewController.m; sourceTree = "<group>"; };
		CF66F7F01EDA0F4C009412B1 /* Base */ = {isa = PBXFileReference; lastKnownFileType = file.storyboard; name = Base; path = Base.lproj/Main.storyboard; sourceTree = "<group>"; };
		CF66F7F31EDA0F4C009412B1 /* baMoveTracker.xcdatamodel */ = {isa = PBXFileReference; lastKnownFileType = wrapper.xcdatamodel; path = baMoveTracker.xcdatamodel; sourceTree = "<group>"; };
		CF66F7F51EDA0F4C009412B1 /* Assets.xcassets */ = {isa = PBXFileReference; lastKnownFileType = folder.assetcatalog; path = Assets.xcassets; sourceTree = "<group>"; };
		CF66F7F81EDA0F4C009412B1 /* Base */ = {isa = PBXFileReference; lastKnownFileType = file.storyboard; name = Base; path = Base.lproj/LaunchScreen.storyboard; sourceTree = "<group>"; };
		CF66F7FA1EDA0F4C009412B1 /* Info.plist */ = {isa = PBXFileReference; lastKnownFileType = text.plist.xml; path = Info.plist; sourceTree = "<group>"; };
/* End PBXFileReference section */

/* Begin PBXFrameworksBuildPhase section */
		CF66F7E01EDA0F4C009412B1 /* Frameworks */ = {
			isa = PBXFrameworksBuildPhase;
			buildActionMask = 2147483647;
			files = (
			);
			runOnlyForDeploymentPostprocessing = 0;
		};
/* End PBXFrameworksBuildPhase section */

/* Begin PBXGroup section */
		CF66F7DA1EDA0F4C009412B1 = {
			isa = PBXGroup;
			children = (
				CF66F7E51EDA0F4C009412B1 /* baMoveTracker */,
				CF66F7E41EDA0F4C009412B1 /* Products */,
			);
			sourceTree = "<group>";
		};
		CF66F7E41EDA0F4C009412B1 /* Products */ = {
			isa = PBXGroup;
			children = (
				CF66F7E31EDA0F4C009412B1 /* baMoveTracker.app */,
			);
			name = Products;
			sourceTree = "<group>";
		};
		CF66F7E51EDA0F4C009412B1 /* baMoveTracker */ = {
			isa = PBXGroup;
			children = (
				CF66F7E91EDA0F4C009412B1 /* AppDelegate.h */,
				CF66F7EA1EDA0F4C009412B1 /* AppDelegate.m */,
				CF66F7EC1EDA0F4C009412B1 /* ViewController.h */,
				CF66F7ED1EDA0F4C009412B1 /* ViewController.m */,
				CF66F7EF1EDA0F4C009412B1 /* Main.storyboard */,
				CF66F7F51EDA0F4C009412B1 /* Assets.xcassets */,
				CF66F7F71EDA0F4C009412B1 /* LaunchScreen.storyboard */,
				CF66F7FA1EDA0F4C009412B1 /* Info.plist */,
				CF66F7F21EDA0F4C009412B1 /* baMoveTracker.xcdatamodeld */,
				CF66F7E61EDA0F4C009412B1 /* Supporting Files */,
			);
			path = baMoveTracker;
			sourceTree = "<group>";
		};
		CF66F7E61EDA0F4C009412B1 /* Supporting Files */ = {
			isa = PBXGroup;
			children = (
				CF66F7E71EDA0F4C009412B1 /* main.m */,
			);
			name = "Supporting Files";
			sourceTree = "<group>";
		};
/* End PBXGroup section */

/* Begin PBXNativeTarget section */
		CF66F7E21EDA0F4C009412B1 /* baMoveTracker */ = {
			isa = PBXNativeTarget;
			buildConfigurationList = CF66F7FD1EDA0F4C009412B1 /* Build configuration list for PBXNativeTarget "baMoveTracker" */;
			buildPhases = (
				CF66F7DF1EDA0F4C009412B1 /* Sources */,
				CF66F7E01EDA0F4C009412B1 /* Frameworks */,
				CF66F7E11EDA0F4C009412B1 /* Resources */,
			);
			buildRules = (
			);
			dependencies = (
			);
			name = baMoveTracker;
			productName = baMoveTracker;
			productReference = CF66F7E31EDA0F4C009412B1 /* baMoveTracker.app */;
			productType = "com.apple.product-type.application";
		};
/* End PBXNativeTarget section */

/* Begin PBXProject section */
		CF66F7DB1EDA0F4C009412B1 /* Project object */ = {
			isa = PBXProject;
			attributes = {
				LastUpgradeCheck = 0830;
				ORGANIZATIONNAME = "M. Buğra Atay";
				TargetAttributes = {
					CF66F7E21EDA0F4C009412B1 = {
						CreatedOnToolsVersion = 8.3.2;
						DevelopmentTeam = 39M8682LG7;
						ProvisioningStyle = Automatic;
					};
				};
			};
			buildConfigurationList = CF66F7DE1EDA0F4C009412B1 /* Build configuration list for PBXProject "baMoveTracker" */;
			compatibilityVersion = "Xcode 3.2";
			developmentRegion = English;
			hasScannedForEncodings = 0;
			knownRegions = (
				en,
				Base,
			);
			mainGroup = CF66F7DA1EDA0F4C009412B1;
			productRefGroup = CF66F7E41EDA0F4C009412B1 /* Products */;
			projectDirPath = "";
			projectRoot = "";
			targets = (
				CF66F7E21EDA0F4C009412B1 /* baMoveTracker */,
			);
		};
/* End PBXProject section */

/* Begin PBXResourcesBuildPhase section */
		CF66F7E11EDA0F4C009412B1 /* Resources */ = {
			isa = PBXResourcesBuildPhase;
			buildActionMask = 2147483647;
			files = (
				CF66F7F91EDA0F4C009412B1 /* LaunchScreen.storyboard in Resources */,
				CF66F7F61EDA0F4C009412B1 /* Assets.xcassets in Resources */,
				CF66F7F11EDA0F4C009412B1 /* Main.storyboard in Resources */,
			);
			runOnlyForDeploymentPostprocessing = 0;
		};
/* End PBXResourcesBuildPhase section */

/* Begin PBXSourcesBuildPhase section */
		CF66F7DF1EDA0F4C009412B1 /* Sources */ = {
			isa = PBXSourcesBuildPhase;
			buildActionMask = 2147483647;
			files = (
				CF66F7F41EDA0F4C009412B1 /* baMoveTracker.xcdatamodeld in Sources */,
				CF66F7EE1EDA0F4C009412B1 /* ViewController.m in Sources */,
				CF66F7EB1EDA0F4C009412B1 /* AppDelegate.m in Sources */,
				CF66F7E81EDA0F4C009412B1 /* main.m in Sources */,
			);
			runOnlyForDeploymentPostprocessing = 0;
		};
/* End PBXSourcesBuildPhase section */

/* Begin PBXVariantGroup section */
		CF66F7EF1EDA0F4C009412B1 /* Main.storyboard */ = {
			isa = PBXVariantGroup;
			children = (
				CF66F7F01EDA0F4C009412B1 /* Base */,
			);
			name = Main.storyboard;
			sourceTree = "<group>";
		};
		CF66F7F71EDA0F4C009412B1 /* LaunchScreen.storyboard */ = {
			isa = PBXVariantGroup;
			children = (
				CF66F7F81EDA0F4C009412B1 /* Base */,
			);
			name = LaunchScreen.storyboard;
			sourceTree = "<group>";
		};
/* End PBXVariantGroup section */

/* Begin XCBuildConfiguration section */
		CF66F7FB1EDA0F4C009412B1 /* Debug */ = {
			isa = XCBuildConfiguration;
			buildSettings = {
				ALWAYS_SEARCH_USER_PATHS = NO;
				CLANG_ANALYZER_NONNULL = YES;
				CLANG_ANALYZER_NUMBER_OBJECT_CONVERSION = YES_AGGRESSIVE;
				CLANG_CXX_LANGUAGE_STANDARD = "gnu++0x";
				CLANG_CXX_LIBRARY = "libc++";
				CLANG_ENABLE_MODULES = YES;
				CLANG_ENABLE_OBJC_ARC = YES;
				CLANG_WARN_BOOL_CONVERSION = YES;
				CLANG_WARN_CONSTANT_CONVERSION = YES;
				CLANG_WARN_DIRECT_OBJC_ISA_USAGE = YES_ERROR;
				CLANG_WARN_DOCUMENTATION_COMMENTS = YES;
				CLANG_WARN_EMPTY_BODY = YES;
				CLANG_WARN_ENUM_CONVERSION = YES;
				CLANG_WARN_INFINITE_RECURSION = YES;
				CLANG_WARN_INT_CONVERSION = YES;
				CLANG_WARN_OBJC_ROOT_CLASS = YES_ERROR;
				CLANG_WARN_SUSPICIOUS_MOVE = YES;
				CLANG_WARN_UNREACHABLE_CODE = YES;
				CLANG_WARN__DUPLICATE_METHOD_MATCH = YES;
				"CODE_SIGN_IDENTITY[sdk=iphoneos*]" = "iPhone Developer";
				COPY_PHASE_STRIP = NO;
				DEBUG_INFORMATION_FORMAT = dwarf;
				ENABLE_STRICT_OBJC_MSGSEND = YES;
				ENABLE_TESTABILITY = YES;
				GCC_C_LANGUAGE_STANDARD = gnu99;
				GCC_DYNAMIC_NO_PIC = NO;
				GCC_NO_COMMON_BLOCKS = YES;
				GCC_OPTIMIZATION_LEVEL = 0;
				GCC_PREPROCESSOR_DEFINITIONS = (
					"DEBUG=1",
					"$(inherited)",
				);
				GCC_WARN_64_TO_32_BIT_CONVERSION = YES;
				GCC_WARN_ABOUT_RETURN_TYPE = YES_ERROR;
				GCC_WARN_UNDECLARED_SELECTOR = YES;
				GCC_WARN_UNINITIALIZED_AUTOS = YES_AGGRESSIVE;
				GCC_WARN_UNUSED_FUNCTION = YES;
				GCC_WARN_UNUSED_VARIABLE = YES;
				IPHONEOS_DEPLOYMENT_TARGET = 10.3;
				MTL_ENABLE_DEBUG_INFO = YES;
				ONLY_ACTIVE_ARCH = YES;
				SDKROOT = iphoneos;
			};
			name = Debug;
		};
		CF66F7FC1EDA0F4C009412B1 /* Release */ = {
			isa = XCBuildConfiguration;
			buildSettings = {
				ALWAYS_SEARCH_USER_PATHS = NO;
				CLANG_ANALYZER_NONNULL = YES;
				CLANG_ANALYZER_NUMBER_OBJECT_CONVERSION = YES_AGGRESSIVE;
				CLANG_CXX_LANGUAGE_STANDARD = "gnu++0x";
				CLANG_CXX_LIBRARY = "libc++";
				CLANG_ENABLE_MODULES = YES;
				CLANG_ENABLE_OBJC_ARC = YES;
				CLANG_WARN_BOOL_CONVERSION = YES;
				CLANG_WARN_CONSTANT_CONVERSION = YES;
				CLANG_WARN_DIRECT_OBJC_ISA_USAGE = YES_ERROR;
				CLANG_WARN_DOCUMENTATION_COMMENTS = YES;
				CLANG_WARN_EMPTY_BODY = YES;
				CLANG_WARN_ENUM_CONVERSION = YES;
				CLANG_WARN_INFINITE_RECURSION = YES;
				CLANG_WARN_INT_CONVERSION = YES;
				CLANG_WARN_OBJC_ROOT_CLASS = YES_ERROR;
				CLANG_WARN_SUSPICIOUS_MOVE = YES;
				CLANG_WARN_UNREACHABLE_CODE = YES;
				CLANG_WARN__DUPLICATE_METHOD_MATCH = YES;
				"CODE_SIGN_IDENTITY[sdk=iphoneos*]" = "iPhone Developer";
				COPY_PHASE_STRIP = NO;
				DEBUG_INFORMATION_FORMAT = "dwarf-with-dsym";
				ENABLE_NS_ASSERTIONS = NO;
				ENABLE_STRICT_OBJC_MSGSEND = YES;
				GCC_C_LANGUAGE_STANDARD = gnu99;
				GCC_NO_COMMON_BLOCKS = YES;
				GCC_WARN_64_TO_32_BIT_CONVERSION = YES;
				GCC_WARN_ABOUT_RETURN_TYPE = YES_ERROR;
				GCC_WARN_UNDECLARED_SELECTOR = YES;
				GCC_WARN_UNINITIALIZED_AUTOS = YES_AGGRESSIVE;
				GCC_WARN_UNUSED_FUNCTION = YES;
				GCC_WARN_UNUSED_VARIABLE = YES;
				IPHONEOS_DEPLOYMENT_TARGET = 10.3;
				MTL_ENABLE_DEBUG_INFO = NO;
				SDKROOT = iphoneos;
				VALIDATE_PRODUCT = YES;
			};
			name = Release;
		};
		CF66F7FE1EDA0F4C009412B1 /* Debug */ = {
			isa = XCBuildConfiguration;
			buildSettings = {
				ASSETCATALOG_COMPILER_APPICON_NAME = AppIcon;
				DEVELOPMENT_TEAM = 39M8682LG7;
				INFOPLIST_FILE = baMoveTracker/Info.plist;
				LD_RUNPATH_SEARCH_PATHS = "$(inherited) @executable_path/Frameworks";
				PRODUCT_BUNDLE_IDENTIFIER = mba.baMoveTracker;
				PRODUCT_NAME = "$(TARGET_NAME)";
			};
			name = Debug;
		};
		CF66F7FF1EDA0F4C009412B1 /* Release */ = {
			isa = XCBuildConfiguration;
			buildSettings = {
				ASSETCATALOG_COMPILER_APPICON_NAME = AppIcon;
				DEVELOPMENT_TEAM = 39M8682LG7;
				INFOPLIST_FILE = baMoveTracker/Info.plist;
				LD_RUNPATH_SEARCH_PATHS = "$(inherited) @executable_path/Frameworks";
				PRODUCT_BUNDLE_IDENTIFIER = mba.baMoveTracker;
				PRODUCT_NAME = "$(TARGET_NAME)";
			};
			name = Release;
		};
/* End XCBuildConfiguration section */

/* Begin XCConfigurationList section */
		CF66F7DE1EDA0F4C009412B1 /* Build configuration list for PBXProject "baMoveTracker" */ = {
			isa = XCConfigurationList;
			buildConfigurations = (
				CF66F7FB1EDA0F4C009412B1 /* Debug */,
				CF66F7FC1EDA0F4C009412B1 /* Release */,
			);
			defaultConfigurationIsVisible = 0;
			defaultConfigurationName = Release;
		};
		CF66F7FD1EDA0F4C009412B1 /* Build configuration list for PBXNativeTarget "baMoveTracker" */ = {
			isa = XCConfigurationList;
			buildConfigurations = (
				CF66F7FE1EDA0F4C009412B1 /* Debug */,
				CF66F7FF1EDA0F4C009412B1 /* Release */,
			);
			defaultConfigurationIsVisible = 0;
		};
/* End XCConfigurationList section */

/* Begin XCVersionGroup section */
		CF66F7F21EDA0F4C009412B1 /* baMoveTracker.xcdatamodeld */ = {
			isa = XCVersionGroup;
			children = (
				CF66F7F31EDA0F4C009412B1 /* baMoveTracker.xcdatamodel */,
			);
			currentVersion = CF66F7F31EDA0F4C009412B1 /* baMoveTracker.xcdatamodel */;
			path = baMoveTracker.xcdatamodeld;
			sourceTree = "<group>";
			versionGroupType = wrapper.xcdatamodel;
		};
/* End XCVersionGroup section */
	};
	rootObject = CF66F7DB1EDA0F4C009412B1 /* Project object */;
}
