// !$*UTF8*$!
{
	archiveVersion = 1;
	classes = {
	};
	objectVersion = 46;
	objects = {

/* Begin PBXBuildFile section */
		CF1C6FBB1EB5CF0C00FC070E /* main.m in Sources */ = {isa = PBXBuildFile; fileRef = CF1C6FBA1EB5CF0C00FC070E /* main.m */; };
		CF1C6FBE1EB5CF0C00FC070E /* AppDelegate.m in Sources */ = {isa = PBXBuildFile; fileRef = CF1C6FBD1EB5CF0C00FC070E /* AppDelegate.m */; };
		CF1C6FC11EB5CF0C00FC070E /* ViewController.m in Sources */ = {isa = PBXBuildFile; fileRef = CF1C6FC01EB5CF0C00FC070E /* ViewController.m */; };
		CF1C6FC41EB5CF0C00FC070E /* Main.storyboard in Resources */ = {isa = PBXBuildFile; fileRef = CF1C6FC21EB5CF0C00FC070E /* Main.storyboard */; };
		CF1C6FC71EB5CF0C00FC070E /* HealthKit.xcdatamodeld in Sources */ = {isa = PBXBuildFile; fileRef = CF1C6FC51EB5CF0C00FC070E /* HealthKit.xcdatamodeld */; };
		CF1C6FC91EB5CF0C00FC070E /* Assets.xcassets in Resources */ = {isa = PBXBuildFile; fileRef = CF1C6FC81EB5CF0C00FC070E /* Assets.xcassets */; };
		CF1C6FCC1EB5CF0C00FC070E /* LaunchScreen.storyboard in Resources */ = {isa = PBXBuildFile; fileRef = CF1C6FCA1EB5CF0C00FC070E /* LaunchScreen.storyboard */; };
		CF1C6FD61EB5CFA900FC070E /* HealthKit.framework in Frameworks */ = {isa = PBXBuildFile; fileRef = CF1C6FD51EB5CFA900FC070E /* HealthKit.framework */; };
		CF1C70A81EB62BBF00FC070E /* Assets.xcassets in Resources */ = {isa = PBXBuildFile; fileRef = CF1C70A71EB62BBF00FC070E /* Assets.xcassets */; };
		CF1C70AF1EB62BBF00FC070E /* baWatch Extension.appex in Embed App Extensions */ = {isa = PBXBuildFile; fileRef = CF1C70AE1EB62BBF00FC070E /* baWatch Extension.appex */; settings = {ATTRIBUTES = (RemoveHeadersOnCopy, ); }; };
		CF1C70B71EB62BBF00FC070E /* InterfaceController.m in Sources */ = {isa = PBXBuildFile; fileRef = CF1C70B61EB62BBF00FC070E /* InterfaceController.m */; };
		CF1C70BA1EB62BBF00FC070E /* ExtensionDelegate.m in Sources */ = {isa = PBXBuildFile; fileRef = CF1C70B91EB62BBF00FC070E /* ExtensionDelegate.m */; };
		CF1C70BD1EB62BBF00FC070E /* NotificationController.m in Sources */ = {isa = PBXBuildFile; fileRef = CF1C70BC1EB62BBF00FC070E /* NotificationController.m */; };
		CF1C70BF1EB62BBF00FC070E /* Assets.xcassets in Resources */ = {isa = PBXBuildFile; fileRef = CF1C70BE1EB62BBF00FC070E /* Assets.xcassets */; };
		CF1C70C31EB62BBF00FC070E /* baWatch.app in Embed Watch Content */ = {isa = PBXBuildFile; fileRef = CF1C70A21EB62BBF00FC070E /* baWatch.app */; };
		CF1C70CE1EB62F8400FC070E /* Interface.storyboard in Resources */ = {isa = PBXBuildFile; fileRef = CF1C70A41EB62BBF00FC070E /* Interface.storyboard */; };
		CF4478621EB76BA200A4C3DA /* HealthKit.framework in Frameworks */ = {isa = PBXBuildFile; fileRef = CF4478611EB76BA200A4C3DA /* HealthKit.framework */; };
/* End PBXBuildFile section */

/* Begin PBXContainerItemProxy section */
		CF1C70B01EB62BBF00FC070E /* PBXContainerItemProxy */ = {
			isa = PBXContainerItemProxy;
			containerPortal = CF1C6FAE1EB5CF0C00FC070E /* Project object */;
			proxyType = 1;
			remoteGlobalIDString = CF1C70AD1EB62BBF00FC070E;
			remoteInfo = "baWatch Extension";
		};
		CF1C70C11EB62BBF00FC070E /* PBXContainerItemProxy */ = {
			isa = PBXContainerItemProxy;
			containerPortal = CF1C6FAE1EB5CF0C00FC070E /* Project object */;
			proxyType = 1;
			remoteGlobalIDString = CF1C70A11EB62BBF00FC070E;
			remoteInfo = baWatch;
		};
/* End PBXContainerItemProxy section */

/* Begin PBXCopyFilesBuildPhase section */
		CF1C70C91EB62BBF00FC070E /* Embed App Extensions */ = {
			isa = PBXCopyFilesBuildPhase;
			buildActionMask = 2147483647;
			dstPath = "";
			dstSubfolderSpec = 13;
			files = (
				CF1C70AF1EB62BBF00FC070E /* baWatch Extension.appex in Embed App Extensions */,
			);
			name = "Embed App Extensions";
			runOnlyForDeploymentPostprocessing = 0;
		};
		CF1C70CB1EB62BBF00FC070E /* Embed Watch Content */ = {
			isa = PBXCopyFilesBuildPhase;
			buildActionMask = 2147483647;
			dstPath = "$(CONTENTS_FOLDER_PATH)/Watch";
			dstSubfolderSpec = 16;
			files = (
				CF1C70C31EB62BBF00FC070E /* baWatch.app in Embed Watch Content */,
			);
			name = "Embed Watch Content";
			runOnlyForDeploymentPostprocessing = 0;
		};
/* End PBXCopyFilesBuildPhase section */

/* Begin PBXFileReference section */
		CF1C6FB61EB5CF0C00FC070E /* HealthKit.app */ = {isa = PBXFileReference; explicitFileType = wrapper.application; includeInIndex = 0; path = HealthKit.app; sourceTree = BUILT_PRODUCTS_DIR; };
		CF1C6FBA1EB5CF0C00FC070E /* main.m */ = {isa = PBXFileReference; lastKnownFileType = sourcecode.c.objc; path = main.m; sourceTree = "<group>"; };
		CF1C6FBC1EB5CF0C00FC070E /* AppDelegate.h */ = {isa = PBXFileReference; lastKnownFileType = sourcecode.c.h; path = AppDelegate.h; sourceTree = "<group>"; };
		CF1C6FBD1EB5CF0C00FC070E /* AppDelegate.m */ = {isa = PBXFileReference; lastKnownFileType = sourcecode.c.objc; path = AppDelegate.m; sourceTree = "<group>"; };
		CF1C6FBF1EB5CF0C00FC070E /* ViewController.h */ = {isa = PBXFileReference; lastKnownFileType = sourcecode.c.h; path = ViewController.h; sourceTree = "<group>"; };
		CF1C6FC01EB5CF0C00FC070E /* ViewController.m */ = {isa = PBXFileReference; lastKnownFileType = sourcecode.c.objc; path = ViewController.m; sourceTree = "<group>"; };
		CF1C6FC31EB5CF0C00FC070E /* Base */ = {isa = PBXFileReference; lastKnownFileType = file.storyboard; name = Base; path = Base.lproj/Main.storyboard; sourceTree = "<group>"; };
		CF1C6FC61EB5CF0C00FC070E /* HealthKit.xcdatamodel */ = {isa = PBXFileReference; lastKnownFileType = wrapper.xcdatamodel; path = HealthKit.xcdatamodel; sourceTree = "<group>"; };
		CF1C6FC81EB5CF0C00FC070E /* Assets.xcassets */ = {isa = PBXFileReference; lastKnownFileType = folder.assetcatalog; path = Assets.xcassets; sourceTree = "<group>"; };
		CF1C6FCB1EB5CF0C00FC070E /* Base */ = {isa = PBXFileReference; lastKnownFileType = file.storyboard; name = Base; path = Base.lproj/LaunchScreen.storyboard; sourceTree = "<group>"; };
		CF1C6FCD1EB5CF0C00FC070E /* Info.plist */ = {isa = PBXFileReference; lastKnownFileType = text.plist.xml; path = Info.plist; sourceTree = "<group>"; };
		CF1C6FD31EB5CFA900FC070E /* HealthKit.entitlements */ = {isa = PBXFileReference; lastKnownFileType = text.plist.entitlements; path = HealthKit.entitlements; sourceTree = "<group>"; };
		CF1C6FD51EB5CFA900FC070E /* HealthKit.framework */ = {isa = PBXFileReference; lastKnownFileType = wrapper.framework; name = HealthKit.framework; path = System/Library/Frameworks/HealthKit.framework; sourceTree = SDKROOT; };
		CF1C70A21EB62BBF00FC070E /* baWatch.app */ = {isa = PBXFileReference; explicitFileType = wrapper.application; includeInIndex = 0; path = baWatch.app; sourceTree = BUILT_PRODUCTS_DIR; };
		CF1C70A51EB62BBF00FC070E /* Base */ = {isa = PBXFileReference; lastKnownFileType = file.storyboard; name = Base; path = Base.lproj/Interface.storyboard; sourceTree = "<group>"; };
		CF1C70A71EB62BBF00FC070E /* Assets.xcassets */ = {isa = PBXFileReference; lastKnownFileType = folder.assetcatalog; path = Assets.xcassets; sourceTree = "<group>"; };
		CF1C70A91EB62BBF00FC070E /* Info.plist */ = {isa = PBXFileReference; lastKnownFileType = text.plist.xml; path = Info.plist; sourceTree = "<group>"; };
		CF1C70AE1EB62BBF00FC070E /* baWatch Extension.appex */ = {isa = PBXFileReference; explicitFileType = "wrapper.app-extension"; includeInIndex = 0; path = "baWatch Extension.appex"; sourceTree = BUILT_PRODUCTS_DIR; };
		CF1C70B41EB62BBF00FC070E /* PushNotificationPayload.apns */ = {isa = PBXFileReference; lastKnownFileType = text; path = PushNotificationPayload.apns; sourceTree = "<group>"; };
		CF1C70B51EB62BBF00FC070E /* InterfaceController.h */ = {isa = PBXFileReference; lastKnownFileType = sourcecode.c.h; path = InterfaceController.h; sourceTree = "<group>"; };
		CF1C70B61EB62BBF00FC070E /* InterfaceController.m */ = {isa = PBXFileReference; lastKnownFileType = sourcecode.c.objc; path = InterfaceController.m; sourceTree = "<group>"; };
		CF1C70B81EB62BBF00FC070E /* ExtensionDelegate.h */ = {isa = PBXFileReference; lastKnownFileType = sourcecode.c.h; path = ExtensionDelegate.h; sourceTree = "<group>"; };
		CF1C70B91EB62BBF00FC070E /* ExtensionDelegate.m */ = {isa = PBXFileReference; lastKnownFileType = sourcecode.c.objc; path = ExtensionDelegate.m; sourceTree = "<group>"; };
		CF1C70BB1EB62BBF00FC070E /* NotificationController.h */ = {isa = PBXFileReference; lastKnownFileType = sourcecode.c.h; path = NotificationController.h; sourceTree = "<group>"; };
		CF1C70BC1EB62BBF00FC070E /* NotificationController.m */ = {isa = PBXFileReference; lastKnownFileType = sourcecode.c.objc; path = NotificationController.m; sourceTree = "<group>"; };
		CF1C70BE1EB62BBF00FC070E /* Assets.xcassets */ = {isa = PBXFileReference; lastKnownFileType = folder.assetcatalog; path = Assets.xcassets; sourceTree = "<group>"; };
		CF1C70C01EB62BBF00FC070E /* Info.plist */ = {isa = PBXFileReference; lastKnownFileType = text.plist.xml; path = Info.plist; sourceTree = "<group>"; };
		CF4478601EB76B9D00A4C3DA /* baWatch.entitlements */ = {isa = PBXFileReference; lastKnownFileType = text.plist.entitlements; path = baWatch.entitlements; sourceTree = "<group>"; };
		CF4478611EB76BA200A4C3DA /* HealthKit.framework */ = {isa = PBXFileReference; lastKnownFileType = wrapper.framework; name = HealthKit.framework; path = Platforms/WatchOS.platform/Developer/SDKs/WatchOS3.2.sdk/System/Library/Frameworks/HealthKit.framework; sourceTree = DEVELOPER_DIR; };
		CF4478631EB76BA200A4C3DA /* baWatch Extension.entitlements */ = {isa = PBXFileReference; lastKnownFileType = text.plist.entitlements; path = "baWatch Extension.entitlements"; sourceTree = "<group>"; };
/* End PBXFileReference section */

/* Begin PBXFrameworksBuildPhase section */
		CF1C6FB31EB5CF0C00FC070E /* Frameworks */ = {
			isa = PBXFrameworksBuildPhase;
			buildActionMask = 2147483647;
			files = (
				CF1C6FD61EB5CFA900FC070E /* HealthKit.framework in Frameworks */,
			);
			runOnlyForDeploymentPostprocessing = 0;
		};
		CF1C70AB1EB62BBF00FC070E /* Frameworks */ = {
			isa = PBXFrameworksBuildPhase;
			buildActionMask = 2147483647;
			files = (
				CF4478621EB76BA200A4C3DA /* HealthKit.framework in Frameworks */,
			);
			runOnlyForDeploymentPostprocessing = 0;
		};
/* End PBXFrameworksBuildPhase section */

/* Begin PBXGroup section */
		CF1C6FAD1EB5CF0C00FC070E = {
			isa = PBXGroup;
			children = (
				CF1C6FB81EB5CF0C00FC070E /* HealthKit */,
				CF1C70A31EB62BBF00FC070E /* baWatch */,
				CF1C70B21EB62BBF00FC070E /* baWatch Extension */,
				CF1C6FB71EB5CF0C00FC070E /* Products */,
				CF1C6FD41EB5CFA900FC070E /* Frameworks */,
			);
			sourceTree = "<group>";
		};
		CF1C6FB71EB5CF0C00FC070E /* Products */ = {
			isa = PBXGroup;
			children = (
				CF1C6FB61EB5CF0C00FC070E /* HealthKit.app */,
				CF1C70A21EB62BBF00FC070E /* baWatch.app */,
				CF1C70AE1EB62BBF00FC070E /* baWatch Extension.appex */,
			);
			name = Products;
			sourceTree = "<group>";
		};
		CF1C6FB81EB5CF0C00FC070E /* HealthKit */ = {
			isa = PBXGroup;
			children = (
				CF1C6FD31EB5CFA900FC070E /* HealthKit.entitlements */,
				CF1C6FBC1EB5CF0C00FC070E /* AppDelegate.h */,
				CF1C6FBD1EB5CF0C00FC070E /* AppDelegate.m */,
				CF1C6FBF1EB5CF0C00FC070E /* ViewController.h */,
				CF1C6FC01EB5CF0C00FC070E /* ViewController.m */,
				CF1C6FC21EB5CF0C00FC070E /* Main.storyboard */,
				CF1C6FC81EB5CF0C00FC070E /* Assets.xcassets */,
				CF1C6FCA1EB5CF0C00FC070E /* LaunchScreen.storyboard */,
				CF1C6FCD1EB5CF0C00FC070E /* Info.plist */,
				CF1C6FC51EB5CF0C00FC070E /* HealthKit.xcdatamodeld */,
				CF1C6FB91EB5CF0C00FC070E /* Supporting Files */,
			);
			path = HealthKit;
			sourceTree = "<group>";
		};
		CF1C6FB91EB5CF0C00FC070E /* Supporting Files */ = {
			isa = PBXGroup;
			children = (
				CF1C6FBA1EB5CF0C00FC070E /* main.m */,
			);
			name = "Supporting Files";
			sourceTree = "<group>";
		};
		CF1C6FD41EB5CFA900FC070E /* Frameworks */ = {
			isa = PBXGroup;
			children = (
				CF4478611EB76BA200A4C3DA /* HealthKit.framework */,
				CF1C6FD51EB5CFA900FC070E /* HealthKit.framework */,
			);
			name = Frameworks;
			sourceTree = "<group>";
		};
		CF1C70A31EB62BBF00FC070E /* baWatch */ = {
			isa = PBXGroup;
			children = (
				CF4478601EB76B9D00A4C3DA /* baWatch.entitlements */,
				CF1C70A41EB62BBF00FC070E /* Interface.storyboard */,
				CF1C70A71EB62BBF00FC070E /* Assets.xcassets */,
				CF1C70A91EB62BBF00FC070E /* Info.plist */,
			);
			path = baWatch;
			sourceTree = "<group>";
		};
		CF1C70B21EB62BBF00FC070E /* baWatch Extension */ = {
			isa = PBXGroup;
			children = (
				CF4478631EB76BA200A4C3DA /* baWatch Extension.entitlements */,
				CF1C70B51EB62BBF00FC070E /* InterfaceController.h */,
				CF1C70B61EB62BBF00FC070E /* InterfaceController.m */,
				CF1C70B81EB62BBF00FC070E /* ExtensionDelegate.h */,
				CF1C70B91EB62BBF00FC070E /* ExtensionDelegate.m */,
				CF1C70BB1EB62BBF00FC070E /* NotificationController.h */,
				CF1C70BC1EB62BBF00FC070E /* NotificationController.m */,
				CF1C70BE1EB62BBF00FC070E /* Assets.xcassets */,
				CF1C70C01EB62BBF00FC070E /* Info.plist */,
				CF1C70B31EB62BBF00FC070E /* Supporting Files */,
			);
			path = "baWatch Extension";
			sourceTree = "<group>";
		};
		CF1C70B31EB62BBF00FC070E /* Supporting Files */ = {
			isa = PBXGroup;
			children = (
				CF1C70B41EB62BBF00FC070E /* PushNotificationPayload.apns */,
			);
			name = "Supporting Files";
			sourceTree = "<group>";
		};
/* End PBXGroup section */

/* Begin PBXNativeTarget section */
		CF1C6FB51EB5CF0C00FC070E /* HealthKit */ = {
			isa = PBXNativeTarget;
			buildConfigurationList = CF1C6FD01EB5CF0C00FC070E /* Build configuration list for PBXNativeTarget "HealthKit" */;
			buildPhases = (
				CF1C6FB21EB5CF0C00FC070E /* Sources */,
				CF1C6FB31EB5CF0C00FC070E /* Frameworks */,
				CF1C6FB41EB5CF0C00FC070E /* Resources */,
				CF1C70CB1EB62BBF00FC070E /* Embed Watch Content */,
			);
			buildRules = (
			);
			dependencies = (
				CF1C70C21EB62BBF00FC070E /* PBXTargetDependency */,
			);
			name = HealthKit;
			productName = HealthKit;
			productReference = CF1C6FB61EB5CF0C00FC070E /* HealthKit.app */;
			productType = "com.apple.product-type.application";
		};
		CF1C70A11EB62BBF00FC070E /* baWatch */ = {
			isa = PBXNativeTarget;
			buildConfigurationList = CF1C70CA1EB62BBF00FC070E /* Build configuration list for PBXNativeTarget "baWatch" */;
			buildPhases = (
				CF1C70A01EB62BBF00FC070E /* Resources */,
				CF1C70C91EB62BBF00FC070E /* Embed App Extensions */,
			);
			buildRules = (
			);
			dependencies = (
				CF1C70B11EB62BBF00FC070E /* PBXTargetDependency */,
			);
			name = baWatch;
			productName = baWatch;
			productReference = CF1C70A21EB62BBF00FC070E /* baWatch.app */;
			productType = "com.apple.product-type.application.watchapp2";
		};
		CF1C70AD1EB62BBF00FC070E /* baWatch Extension */ = {
			isa = PBXNativeTarget;
			buildConfigurationList = CF1C70C81EB62BBF00FC070E /* Build configuration list for PBXNativeTarget "baWatch Extension" */;
			buildPhases = (
				CF1C70AA1EB62BBF00FC070E /* Sources */,
				CF1C70AB1EB62BBF00FC070E /* Frameworks */,
				CF1C70AC1EB62BBF00FC070E /* Resources */,
			);
			buildRules = (
			);
			dependencies = (
			);
			name = "baWatch Extension";
			productName = "baWatch Extension";
			productReference = CF1C70AE1EB62BBF00FC070E /* baWatch Extension.appex */;
			productType = "com.apple.product-type.watchkit2-extension";
		};
/* End PBXNativeTarget section */

/* Begin PBXProject section */
		CF1C6FAE1EB5CF0C00FC070E /* Project object */ = {
			isa = PBXProject;
			attributes = {
				LastUpgradeCheck = 0810;
				ORGANIZATIONNAME = "M. Buğra Atay";
				TargetAttributes = {
					CF1C6FB51EB5CF0C00FC070E = {
						CreatedOnToolsVersion = 8.1;
						DevelopmentTeam = 39M8682LG7;
						ProvisioningStyle = Automatic;
						SystemCapabilities = {
							com.apple.HealthKit = {
								enabled = 1;
							};
						};
					};
					CF1C70A11EB62BBF00FC070E = {
						CreatedOnToolsVersion = 8.1;
						DevelopmentTeam = 39M8682LG7;
						ProvisioningStyle = Automatic;
						SystemCapabilities = {
							com.apple.ApplicationGroups.iOS = {
								enabled = 1;
							};
						};
					};
					CF1C70AD1EB62BBF00FC070E = {
						CreatedOnToolsVersion = 8.1;
						DevelopmentTeam = 39M8682LG7;
						ProvisioningStyle = Automatic;
						SystemCapabilities = {
							com.apple.HealthKit.watchos = {
								enabled = 1;
							};
						};
					};
				};
			};
			buildConfigurationList = CF1C6FB11EB5CF0C00FC070E /* Build configuration list for PBXProject "HealthKit" */;
			compatibilityVersion = "Xcode 3.2";
			developmentRegion = English;
			hasScannedForEncodings = 0;
			knownRegions = (
				en,
				Base,
			);
			mainGroup = CF1C6FAD1EB5CF0C00FC070E;
			productRefGroup = CF1C6FB71EB5CF0C00FC070E /* Products */;
			projectDirPath = "";
			projectRoot = "";
			targets = (
				CF1C6FB51EB5CF0C00FC070E /* HealthKit */,
				CF1C70A11EB62BBF00FC070E /* baWatch */,
				CF1C70AD1EB62BBF00FC070E /* baWatch Extension */,
			);
		};
/* End PBXProject section */

/* Begin PBXResourcesBuildPhase section */
		CF1C6FB41EB5CF0C00FC070E /* Resources */ = {
			isa = PBXResourcesBuildPhase;
			buildActionMask = 2147483647;
			files = (
				CF1C6FCC1EB5CF0C00FC070E /* LaunchScreen.storyboard in Resources */,
				CF1C6FC91EB5CF0C00FC070E /* Assets.xcassets in Resources */,
				CF1C6FC41EB5CF0C00FC070E /* Main.storyboard in Resources */,
			);
			runOnlyForDeploymentPostprocessing = 0;
		};
		CF1C70A01EB62BBF00FC070E /* Resources */ = {
			isa = PBXResourcesBuildPhase;
			buildActionMask = 2147483647;
			files = (
				CF1C70CE1EB62F8400FC070E /* Interface.storyboard in Resources */,
				CF1C70A81EB62BBF00FC070E /* Assets.xcassets in Resources */,
			);
			runOnlyForDeploymentPostprocessing = 0;
		};
		CF1C70AC1EB62BBF00FC070E /* Resources */ = {
			isa = PBXResourcesBuildPhase;
			buildActionMask = 2147483647;
			files = (
				CF1C70BF1EB62BBF00FC070E /* Assets.xcassets in Resources */,
			);
			runOnlyForDeploymentPostprocessing = 0;
		};
/* End PBXResourcesBuildPhase section */

/* Begin PBXSourcesBuildPhase section */
		CF1C6FB21EB5CF0C00FC070E /* Sources */ = {
			isa = PBXSourcesBuildPhase;
			buildActionMask = 2147483647;
			files = (
				CF1C6FC71EB5CF0C00FC070E /* HealthKit.xcdatamodeld in Sources */,
				CF1C6FC11EB5CF0C00FC070E /* ViewController.m in Sources */,
				CF1C6FBE1EB5CF0C00FC070E /* AppDelegate.m in Sources */,
				CF1C6FBB1EB5CF0C00FC070E /* main.m in Sources */,
			);
			runOnlyForDeploymentPostprocessing = 0;
		};
		CF1C70AA1EB62BBF00FC070E /* Sources */ = {
			isa = PBXSourcesBuildPhase;
			buildActionMask = 2147483647;
			files = (
				CF1C70BA1EB62BBF00FC070E /* ExtensionDelegate.m in Sources */,
				CF1C70B71EB62BBF00FC070E /* InterfaceController.m in Sources */,
				CF1C70BD1EB62BBF00FC070E /* NotificationController.m in Sources */,
			);
			runOnlyForDeploymentPostprocessing = 0;
		};
/* End PBXSourcesBuildPhase section */

/* Begin PBXTargetDependency section */
		CF1C70B11EB62BBF00FC070E /* PBXTargetDependency */ = {
			isa = PBXTargetDependency;
			target = CF1C70AD1EB62BBF00FC070E /* baWatch Extension */;
			targetProxy = CF1C70B01EB62BBF00FC070E /* PBXContainerItemProxy */;
		};
		CF1C70C21EB62BBF00FC070E /* PBXTargetDependency */ = {
			isa = PBXTargetDependency;
			target = CF1C70A11EB62BBF00FC070E /* baWatch */;
			targetProxy = CF1C70C11EB62BBF00FC070E /* PBXContainerItemProxy */;
		};
/* End PBXTargetDependency section */

/* Begin PBXVariantGroup section */
		CF1C6FC21EB5CF0C00FC070E /* Main.storyboard */ = {
			isa = PBXVariantGroup;
			children = (
				CF1C6FC31EB5CF0C00FC070E /* Base */,
			);
			name = Main.storyboard;
			sourceTree = "<group>";
		};
		CF1C6FCA1EB5CF0C00FC070E /* LaunchScreen.storyboard */ = {
			isa = PBXVariantGroup;
			children = (
				CF1C6FCB1EB5CF0C00FC070E /* Base */,
			);
			name = LaunchScreen.storyboard;
			sourceTree = "<group>";
		};
		CF1C70A41EB62BBF00FC070E /* Interface.storyboard */ = {
			isa = PBXVariantGroup;
			children = (
				CF1C70A51EB62BBF00FC070E /* Base */,
			);
			name = Interface.storyboard;
			sourceTree = "<group>";
		};
/* End PBXVariantGroup section */

/* Begin XCBuildConfiguration section */
		CF1C6FCE1EB5CF0C00FC070E /* Debug */ = {
			isa = XCBuildConfiguration;
			buildSettings = {
				ALWAYS_SEARCH_USER_PATHS = NO;
				CLANG_ANALYZER_NONNULL = YES;
				CLANG_CXX_LANGUAGE_STANDARD = "gnu++0x";
				CLANG_CXX_LIBRARY = "libc++";
				CLANG_ENABLE_MODULES = YES;
				CLANG_ENABLE_OBJC_ARC = YES;
				CLANG_WARN_BOOL_CONVERSION = YES;
				CLANG_WARN_CONSTANT_CONVERSION = YES;
				CLANG_WARN_DIRECT_OBJC_ISA_USAGE = YES_ERROR;
				CLANG_WARN_DOCUMENTATION_COMMENTS = YES;
				CLANG_WARN_EMPTY_BODY = YES;
				CLANG_WARN_ENUM_CONVERSION = YES;
				CLANG_WARN_INFINITE_RECURSION = YES;
				CLANG_WARN_INT_CONVERSION = YES;
				CLANG_WARN_OBJC_ROOT_CLASS = YES_ERROR;
				CLANG_WARN_SUSPICIOUS_MOVES = YES;
				CLANG_WARN_UNREACHABLE_CODE = YES;
				CLANG_WARN__DUPLICATE_METHOD_MATCH = YES;
				"CODE_SIGN_IDENTITY[sdk=iphoneos*]" = "iPhone Developer";
				COPY_PHASE_STRIP = NO;
				DEBUG_INFORMATION_FORMAT = dwarf;
				ENABLE_STRICT_OBJC_MSGSEND = YES;
				ENABLE_TESTABILITY = YES;
				GCC_C_LANGUAGE_STANDARD = gnu99;
				GCC_DYNAMIC_NO_PIC = NO;
				GCC_NO_COMMON_BLOCKS = YES;
				GCC_OPTIMIZATION_LEVEL = 0;
				GCC_PREPROCESSOR_DEFINITIONS = (
					"DEBUG=1",
					"$(inherited)",
				);
				GCC_WARN_64_TO_32_BIT_CONVERSION = YES;
				GCC_WARN_ABOUT_RETURN_TYPE = YES_ERROR;
				GCC_WARN_UNDECLARED_SELECTOR = YES;
				GCC_WARN_UNINITIALIZED_AUTOS = YES_AGGRESSIVE;
				GCC_WARN_UNUSED_FUNCTION = YES;
				GCC_WARN_UNUSED_VARIABLE = YES;
				IPHONEOS_DEPLOYMENT_TARGET = 10.1;
				MTL_ENABLE_DEBUG_INFO = YES;
				ONLY_ACTIVE_ARCH = YES;
				SDKROOT = iphoneos;
			};
			name = Debug;
		};
		CF1C6FCF1EB5CF0C00FC070E /* Release */ = {
			isa = XCBuildConfiguration;
			buildSettings = {
				ALWAYS_SEARCH_USER_PATHS = NO;
				CLANG_ANALYZER_NONNULL = YES;
				CLANG_CXX_LANGUAGE_STANDARD = "gnu++0x";
				CLANG_CXX_LIBRARY = "libc++";
				CLANG_ENABLE_MODULES = YES;
				CLANG_ENABLE_OBJC_ARC = YES;
				CLANG_WARN_BOOL_CONVERSION = YES;
				CLANG_WARN_CONSTANT_CONVERSION = YES;
				CLANG_WARN_DIRECT_OBJC_ISA_USAGE = YES_ERROR;
				CLANG_WARN_DOCUMENTATION_COMMENTS = YES;
				CLANG_WARN_EMPTY_BODY = YES;
				CLANG_WARN_ENUM_CONVERSION = YES;
				CLANG_WARN_INFINITE_RECURSION = YES;
				CLANG_WARN_INT_CONVERSION = YES;
				CLANG_WARN_OBJC_ROOT_CLASS = YES_ERROR;
				CLANG_WARN_SUSPICIOUS_MOVES = YES;
				CLANG_WARN_UNREACHABLE_CODE = YES;
				CLANG_WARN__DUPLICATE_METHOD_MATCH = YES;
				"CODE_SIGN_IDENTITY[sdk=iphoneos*]" = "iPhone Developer";
				COPY_PHASE_STRIP = NO;
				DEBUG_INFORMATION_FORMAT = "dwarf-with-dsym";
				ENABLE_NS_ASSERTIONS = NO;
				ENABLE_STRICT_OBJC_MSGSEND = YES;
				GCC_C_LANGUAGE_STANDARD = gnu99;
				GCC_NO_COMMON_BLOCKS = YES;
				GCC_WARN_64_TO_32_BIT_CONVERSION = YES;
				GCC_WARN_ABOUT_RETURN_TYPE = YES_ERROR;
				GCC_WARN_UNDECLARED_SELECTOR = YES;
				GCC_WARN_UNINITIALIZED_AUTOS = YES_AGGRESSIVE;
				GCC_WARN_UNUSED_FUNCTION = YES;
				GCC_WARN_UNUSED_VARIABLE = YES;
				IPHONEOS_DEPLOYMENT_TARGET = 10.1;
				MTL_ENABLE_DEBUG_INFO = NO;
				SDKROOT = iphoneos;
				VALIDATE_PRODUCT = YES;
			};
			name = Release;
		};
		CF1C6FD11EB5CF0C00FC070E /* Debug */ = {
			isa = XCBuildConfiguration;
			buildSettings = {
				ASSETCATALOG_COMPILER_APPICON_NAME = AppIcon;
				CODE_SIGN_ENTITLEMENTS = HealthKit/HealthKit.entitlements;
				DEVELOPMENT_TEAM = 39M8682LG7;
				INFOPLIST_FILE = HealthKit/Info.plist;
				LD_RUNPATH_SEARCH_PATHS = "$(inherited) @executable_path/Frameworks";
				PRODUCT_BUNDLE_IDENTIFIER = mba.HealthKit;
				PRODUCT_NAME = "$(TARGET_NAME)";
			};
			name = Debug;
		};
		CF1C6FD21EB5CF0C00FC070E /* Release */ = {
			isa = XCBuildConfiguration;
			buildSettings = {
				ASSETCATALOG_COMPILER_APPICON_NAME = AppIcon;
				CODE_SIGN_ENTITLEMENTS = HealthKit/HealthKit.entitlements;
				DEVELOPMENT_TEAM = 39M8682LG7;
				INFOPLIST_FILE = HealthKit/Info.plist;
				LD_RUNPATH_SEARCH_PATHS = "$(inherited) @executable_path/Frameworks";
				PRODUCT_BUNDLE_IDENTIFIER = mba.HealthKit;
				PRODUCT_NAME = "$(TARGET_NAME)";
			};
			name = Release;
		};
		CF1C70C41EB62BBF00FC070E /* Debug */ = {
			isa = XCBuildConfiguration;
			buildSettings = {
				ASSETCATALOG_COMPILER_APPICON_NAME = AppIcon;
				CODE_SIGN_ENTITLEMENTS = baWatch/baWatch.entitlements;
				DEVELOPMENT_TEAM = 39M8682LG7;
				IBSC_MODULE = baWatch_Extension;
				INFOPLIST_FILE = baWatch/Info.plist;
				PRODUCT_BUNDLE_IDENTIFIER = mba.HealthKit.watchkitapp;
				PRODUCT_NAME = "$(TARGET_NAME)";
				SDKROOT = watchos;
				SKIP_INSTALL = YES;
				TARGETED_DEVICE_FAMILY = 4;
				WATCHOS_DEPLOYMENT_TARGET = 3.1;
			};
			name = Debug;
		};
		CF1C70C51EB62BBF00FC070E /* Release */ = {
			isa = XCBuildConfiguration;
			buildSettings = {
				ASSETCATALOG_COMPILER_APPICON_NAME = AppIcon;
				CODE_SIGN_ENTITLEMENTS = baWatch/baWatch.entitlements;
				DEVELOPMENT_TEAM = 39M8682LG7;
				IBSC_MODULE = baWatch_Extension;
				INFOPLIST_FILE = baWatch/Info.plist;
				PRODUCT_BUNDLE_IDENTIFIER = mba.HealthKit.watchkitapp;
				PRODUCT_NAME = "$(TARGET_NAME)";
				SDKROOT = watchos;
				SKIP_INSTALL = YES;
				TARGETED_DEVICE_FAMILY = 4;
				WATCHOS_DEPLOYMENT_TARGET = 3.1;
			};
			name = Release;
		};
		CF1C70C61EB62BBF00FC070E /* Debug */ = {
			isa = XCBuildConfiguration;
			buildSettings = {
				ASSETCATALOG_COMPILER_COMPLICATION_NAME = Complication;
				CODE_SIGN_ENTITLEMENTS = "baWatch Extension/baWatch Extension.entitlements";
				DEVELOPMENT_TEAM = 39M8682LG7;
				INFOPLIST_FILE = "baWatch Extension/Info.plist";
				LD_RUNPATH_SEARCH_PATHS = "$(inherited) @executable_path/Frameworks @executable_path/../../Frameworks";
				PRODUCT_BUNDLE_IDENTIFIER = mba.HealthKit.watchkitapp.watchkitextension;
				PRODUCT_NAME = "${TARGET_NAME}";
				SDKROOT = watchos;
				SKIP_INSTALL = YES;
				TARGETED_DEVICE_FAMILY = 4;
				WATCHOS_DEPLOYMENT_TARGET = 3.1;
			};
			name = Debug;
		};
		CF1C70C71EB62BBF00FC070E /* Release */ = {
			isa = XCBuildConfiguration;
			buildSettings = {
				ASSETCATALOG_COMPILER_COMPLICATION_NAME = Complication;
				CODE_SIGN_ENTITLEMENTS = "baWatch Extension/baWatch Extension.entitlements";
				DEVELOPMENT_TEAM = 39M8682LG7;
				INFOPLIST_FILE = "baWatch Extension/Info.plist";
				LD_RUNPATH_SEARCH_PATHS = "$(inherited) @executable_path/Frameworks @executable_path/../../Frameworks";
				PRODUCT_BUNDLE_IDENTIFIER = mba.HealthKit.watchkitapp.watchkitextension;
				PRODUCT_NAME = "${TARGET_NAME}";
				SDKROOT = watchos;
				SKIP_INSTALL = YES;
				TARGETED_DEVICE_FAMILY = 4;
				WATCHOS_DEPLOYMENT_TARGET = 3.1;
			};
			name = Release;
		};
/* End XCBuildConfiguration section */

/* Begin XCConfigurationList section */
		CF1C6FB11EB5CF0C00FC070E /* Build configuration list for PBXProject "HealthKit" */ = {
			isa = XCConfigurationList;
			buildConfigurations = (
				CF1C6FCE1EB5CF0C00FC070E /* Debug */,
				CF1C6FCF1EB5CF0C00FC070E /* Release */,
			);
			defaultConfigurationIsVisible = 0;
			defaultConfigurationName = Release;
		};
		CF1C6FD01EB5CF0C00FC070E /* Build configuration list for PBXNativeTarget "HealthKit" */ = {
			isa = XCConfigurationList;
			buildConfigurations = (
				CF1C6FD11EB5CF0C00FC070E /* Debug */,
				CF1C6FD21EB5CF0C00FC070E /* Release */,
			);
			defaultConfigurationIsVisible = 0;
			defaultConfigurationName = Release;
		};
		CF1C70C81EB62BBF00FC070E /* Build configuration list for PBXNativeTarget "baWatch Extension" */ = {
			isa = XCConfigurationList;
			buildConfigurations = (
				CF1C70C61EB62BBF00FC070E /* Debug */,
				CF1C70C71EB62BBF00FC070E /* Release */,
			);
			defaultConfigurationIsVisible = 0;
			defaultConfigurationName = Release;
		};
		CF1C70CA1EB62BBF00FC070E /* Build configuration list for PBXNativeTarget "baWatch" */ = {
			isa = XCConfigurationList;
			buildConfigurations = (
				CF1C70C41EB62BBF00FC070E /* Debug */,
				CF1C70C51EB62BBF00FC070E /* Release */,
			);
			defaultConfigurationIsVisible = 0;
			defaultConfigurationName = Release;
		};
/* End XCConfigurationList section */

/* Begin XCVersionGroup section */
		CF1C6FC51EB5CF0C00FC070E /* HealthKit.xcdatamodeld */ = {
			isa = XCVersionGroup;
			children = (
				CF1C6FC61EB5CF0C00FC070E /* HealthKit.xcdatamodel */,
			);
			currentVersion = CF1C6FC61EB5CF0C00FC070E /* HealthKit.xcdatamodel */;
			path = HealthKit.xcdatamodeld;
			sourceTree = "<group>";
			versionGroupType = wrapper.xcdatamodel;
		};
/* End XCVersionGroup section */
	};
	rootObject = CF1C6FAE1EB5CF0C00FC070E /* Project object */;
}
